
Microsoft Visual Studio Solution File, Format Version 12.00
# Visual Studio Version 16
VisualStudioVersion = 25.0.1705.6
MinimumVisualStudioVersion = 10.0.40219.1
Project("{FAE04EC0-301F-11D3-BF4B-00C04F79EFBC}") = "MagicVilla_Api", "MagicVilla_Api\MagicVilla_Api.csproj", "{36E0397D-3B7A-4C6E-8639-4BA9D48D8A2B}"
EndProject
Global
	GlobalSection(SolutionConfigurationPlatforms) = preSolution
		Debug|Any CPU = Debug|Any CPU
		Release|Any CPU = Release|Any CPU
	EndGlobalSection
	GlobalSection(ProjectConfigurationPlatforms) = postSolution
		{36E0397D-3B7A-4C6E-8639-4BA9D48D8A2B}.Debug|Any CPU.ActiveCfg = Debug|Any CPU
		{36E0397D-3B7A-4C6E-8639-4BA9D48D8A2B}.Debug|Any CPU.Build.0 = Debug|Any CPU
		{36E0397D-3B7A-4C6E-8639-4BA9D48D8A2B}.Release|Any CPU.ActiveCfg = Release|Any CPU
		{36E0397D-3B7A-4C6E-8639-4BA9D48D8A2B}.Release|Any CPU.Build.0 = Release|Any CPU
	EndGlobalSection
	GlobalSection(SolutionProperties) = preSolution
		HideSolutionNode = FALSE
	EndGlobalSection
	GlobalSection(ExtensibilityGlobals) = postSolution
		SolutionGuid = {1E76FA01-95C8-4D48-B745-A8804BDCA719}
	EndGlobalSection
EndGlobal
